
Microsoft Visual Studio Solution File, Format Version 12.00
# Visual Studio 15
VisualStudioVersion = 15.0.28307.960
MinimumVisualStudioVersion = 10.0.40219.1
Project("{8BC9CEB8-8B4A-11D0-8D11-00A0C91BC942}") = "Ex06_37", "Ex06_67\Ex06_67.vcxproj", "{3FEA335C-B099-4BCC-BB6A-CEF9441356D4}"
EndProject
Project("{8BC9CEB8-8B4A-11D0-8D11-00A0C91BC942}") = "Ex06_38", "Ex06_38\Ex06_38.vcxproj", "{76AFC0D3-BC48-4A08-9BF2-7CAD5F1925F3}"
EndProject
Project("{8BC9CEB8-8B4A-11D0-8D11-00A0C91BC942}") = "Ex06_40", "Ex06_40\Ex06_40.vcxproj", "{3BBDC2A4-5E2D-4354-A6AC-8AB103543566}"
EndProject
Project("{8BC9CEB8-8B4A-11D0-8D11-00A0C91BC942}") = "Ex06_42", "Ex06_42\Ex06_42.vcxproj", "{91EA057F-208D-49C7-92B6-9E04A960D26C}"
EndProject
Project("{8BC9CEB8-8B4A-11D0-8D11-00A0C91BC942}") = "Ex06_48", "Ex06_48\Ex06_48.vcxproj", "{65BF9A3E-511E-4248-90BE-7EE347765827}"
EndProject
Project("{8BC9CEB8-8B4A-11D0-8D11-00A0C91BC942}") = "Ex06_50", "Ex06_50\Ex06_50.vcxproj", "{A8D1FDFA-E15E-4757-B936-397C2EA819D3}"
EndProject
Project("{8BC9CEB8-8B4A-11D0-8D11-00A0C91BC942}") = "Ex06_52", "Ex06_52\Ex06_52.vcxproj", "{D6A32771-76EC-4505-887C-148CFD5AE4E1}"
EndProject
Project("{8BC9CEB8-8B4A-11D0-8D11-00A0C91BC942}") = "Eg07_14", "Eg07_14\Eg07_14.vcxproj", "{CAC43182-86D8-4FC6-B73B-90F48959103C}"
EndProject
Project("{8BC9CEB8-8B4A-11D0-8D11-00A0C91BC942}") = "Eg07_10", "Eg07_10\Eg07_10.vcxproj", "{D93E1A9C-5D56-427E-B902-592E871AD8F4}"
EndProject
Project("{8BC9CEB8-8B4A-11D0-8D11-00A0C91BC942}") = "Eg07_21", "Eg07_21\Eg07_21.vcxproj", "{6316E4E6-EF09-43B4-99C9-CF5512C2111E}"
EndProject
Project("{8BC9CEB8-8B4A-11D0-8D11-00A0C91BC942}") = "Ex07_10", "Ex07_10\Ex07_10.vcxproj", "{4F4CB557-9CC7-424E-A70A-823FB26DE9EA}"
EndProject
Project("{8BC9CEB8-8B4A-11D0-8D11-00A0C91BC942}") = "冒泡排序", "冒泡排序\冒泡排序.vcxproj", "{77A75FD4-D1C2-4912-8AF6-CDB266501A8E}"
EndProject
Project("{8BC9CEB8-8B4A-11D0-8D11-00A0C91BC942}") = "Ex07_13", "Ex07_13\Ex07_13.vcxproj", "{58A793F7-C4E9-49BB-93DC-A213651EE487}"
EndProject
Project("{8BC9CEB8-8B4A-11D0-8D11-00A0C91BC942}") = "Ex07_14", "Ex07_14\Ex07_14.vcxproj", "{4A794578-D872-4A97-9CCE-E2C340196836}"
EndProject
Project("{8BC9CEB8-8B4A-11D0-8D11-00A0C91BC942}") = "Ex07_15", "Ex07_15\Ex07_15.vcxproj", "{E71CD42D-1A00-42E4-81DE-65FFF75F3CC6}"
EndProject
Project("{8BC9CEB8-8B4A-11D0-8D11-00A0C91BC942}") = "Ex07_16", "Ex07_16\Ex07_16.vcxproj", "{DB333CD7-550B-47B9-91C9-38E04D0BF8B0}"
EndProject
Global
	GlobalSection(SolutionConfigurationPlatforms) = preSolution
		Debug|x64 = Debug|x64
		Debug|x86 = Debug|x86
		Release|x64 = Release|x64
		Release|x86 = Release|x86
	EndGlobalSection
	GlobalSection(ProjectConfigurationPlatforms) = postSolution
		{3FEA335C-B099-4BCC-BB6A-CEF9441356D4}.Debug|x64.ActiveCfg = Debug|x64
		{3FEA335C-B099-4BCC-BB6A-CEF9441356D4}.Debug|x64.Build.0 = Debug|x64
		{3FEA335C-B099-4BCC-BB6A-CEF9441356D4}.Debug|x86.ActiveCfg = Debug|Win32
		{3FEA335C-B099-4BCC-BB6A-CEF9441356D4}.Debug|x86.Build.0 = Debug|Win32
		{3FEA335C-B099-4BCC-BB6A-CEF9441356D4}.Release|x64.ActiveCfg = Release|x64
		{3FEA335C-B099-4BCC-BB6A-CEF9441356D4}.Release|x64.Build.0 = Release|x64
		{3FEA335C-B099-4BCC-BB6A-CEF9441356D4}.Release|x86.ActiveCfg = Release|Win32
		{3FEA335C-B099-4BCC-BB6A-CEF9441356D4}.Release|x86.Build.0 = Release|Win32
		{76AFC0D3-BC48-4A08-9BF2-7CAD5F1925F3}.Debug|x64.ActiveCfg = Debug|x64
		{76AFC0D3-BC48-4A08-9BF2-7CAD5F1925F3}.Debug|x64.Build.0 = Debug|x64
		{76AFC0D3-BC48-4A08-9BF2-7CAD5F1925F3}.Debug|x86.ActiveCfg = Debug|Win32
		{76AFC0D3-BC48-4A08-9BF2-7CAD5F1925F3}.Debug|x86.Build.0 = Debug|Win32
		{76AFC0D3-BC48-4A08-9BF2-7CAD5F1925F3}.Release|x64.ActiveCfg = Release|x64
		{76AFC0D3-BC48-4A08-9BF2-7CAD5F1925F3}.Release|x64.Build.0 = Release|x64
		{76AFC0D3-BC48-4A08-9BF2-7CAD5F1925F3}.Release|x86.ActiveCfg = Release|Win32
		{76AFC0D3-BC48-4A08-9BF2-7CAD5F1925F3}.Release|x86.Build.0 = Release|Win32
		{3BBDC2A4-5E2D-4354-A6AC-8AB103543566}.Debug|x64.ActiveCfg = Debug|x64
		{3BBDC2A4-5E2D-4354-A6AC-8AB103543566}.Debug|x64.Build.0 = Debug|x64
		{3BBDC2A4-5E2D-4354-A6AC-8AB103543566}.Debug|x86.ActiveCfg = Debug|Win32
		{3BBDC2A4-5E2D-4354-A6AC-8AB103543566}.Debug|x86.Build.0 = Debug|Win32
		{3BBDC2A4-5E2D-4354-A6AC-8AB103543566}.Release|x64.ActiveCfg = Release|x64
		{3BBDC2A4-5E2D-4354-A6AC-8AB103543566}.Release|x64.Build.0 = Release|x64
		{3BBDC2A4-5E2D-4354-A6AC-8AB103543566}.Release|x86.ActiveCfg = Release|Win32
		{3BBDC2A4-5E2D-4354-A6AC-8AB103543566}.Release|x86.Build.0 = Release|Win32
		{91EA057F-208D-49C7-92B6-9E04A960D26C}.Debug|x64.ActiveCfg = Debug|x64
		{91EA057F-208D-49C7-92B6-9E04A960D26C}.Debug|x64.Build.0 = Debug|x64
		{91EA057F-208D-49C7-92B6-9E04A960D26C}.Debug|x86.ActiveCfg = Debug|Win32
		{91EA057F-208D-49C7-92B6-9E04A960D26C}.Debug|x86.Build.0 = Debug|Win32
		{91EA057F-208D-49C7-92B6-9E04A960D26C}.Release|x64.ActiveCfg = Release|x64
		{91EA057F-208D-49C7-92B6-9E04A960D26C}.Release|x64.Build.0 = Release|x64
		{91EA057F-208D-49C7-92B6-9E04A960D26C}.Release|x86.ActiveCfg = Release|Win32
		{91EA057F-208D-49C7-92B6-9E04A960D26C}.Release|x86.Build.0 = Release|Win32
		{65BF9A3E-511E-4248-90BE-7EE347765827}.Debug|x64.ActiveCfg = Debug|x64
		{65BF9A3E-511E-4248-90BE-7EE347765827}.Debug|x64.Build.0 = Debug|x64
		{65BF9A3E-511E-4248-90BE-7EE347765827}.Debug|x86.ActiveCfg = Debug|Win32
		{65BF9A3E-511E-4248-90BE-7EE347765827}.Debug|x86.Build.0 = Debug|Win32
		{65BF9A3E-511E-4248-90BE-7EE347765827}.Release|x64.ActiveCfg = Release|x64
		{65BF9A3E-511E-4248-90BE-7EE347765827}.Release|x64.Build.0 = Release|x64
		{65BF9A3E-511E-4248-90BE-7EE347765827}.Release|x86.ActiveCfg = Release|Win32
		{65BF9A3E-511E-4248-90BE-7EE347765827}.Release|x86.Build.0 = Release|Win32
		{A8D1FDFA-E15E-4757-B936-397C2EA819D3}.Debug|x64.ActiveCfg = Debug|x64
		{A8D1FDFA-E15E-4757-B936-397C2EA819D3}.Debug|x64.Build.0 = Debug|x64
		{A8D1FDFA-E15E-4757-B936-397C2EA819D3}.Debug|x86.ActiveCfg = Debug|Win32
		{A8D1FDFA-E15E-4757-B936-397C2EA819D3}.Debug|x86.Build.0 = Debug|Win32
		{A8D1FDFA-E15E-4757-B936-397C2EA819D3}.Release|x64.ActiveCfg = Release|x64
		{A8D1FDFA-E15E-4757-B936-397C2EA819D3}.Release|x64.Build.0 = Release|x64
		{A8D1FDFA-E15E-4757-B936-397C2EA819D3}.Release|x86.ActiveCfg = Release|Win32
		{A8D1FDFA-E15E-4757-B936-397C2EA819D3}.Release|x86.Build.0 = Release|Win32
		{D6A32771-76EC-4505-887C-148CFD5AE4E1}.Debug|x64.ActiveCfg = Debug|x64
		{D6A32771-76EC-4505-887C-148CFD5AE4E1}.Debug|x64.Build.0 = Debug|x64
		{D6A32771-76EC-4505-887C-148CFD5AE4E1}.Debug|x86.ActiveCfg = Debug|Win32
		{D6A32771-76EC-4505-887C-148CFD5AE4E1}.Debug|x86.Build.0 = Debug|Win32
		{D6A32771-76EC-4505-887C-148CFD5AE4E1}.Release|x64.ActiveCfg = Release|x64
		{D6A32771-76EC-4505-887C-148CFD5AE4E1}.Release|x64.Build.0 = Release|x64
		{D6A32771-76EC-4505-887C-148CFD5AE4E1}.Release|x86.ActiveCfg = Release|Win32
		{D6A32771-76EC-4505-887C-148CFD5AE4E1}.Release|x86.Build.0 = Release|Win32
		{CAC43182-86D8-4FC6-B73B-90F48959103C}.Debug|x64.ActiveCfg = Debug|x64
		{CAC43182-86D8-4FC6-B73B-90F48959103C}.Debug|x64.Build.0 = Debug|x64
		{CAC43182-86D8-4FC6-B73B-90F48959103C}.Debug|x86.ActiveCfg = Debug|Win32
		{CAC43182-86D8-4FC6-B73B-90F48959103C}.Debug|x86.Build.0 = Debug|Win32
		{CAC43182-86D8-4FC6-B73B-90F48959103C}.Release|x64.ActiveCfg = Release|x64
		{CAC43182-86D8-4FC6-B73B-90F48959103C}.Release|x64.Build.0 = Release|x64
		{CAC43182-86D8-4FC6-B73B-90F48959103C}.Release|x86.ActiveCfg = Release|Win32
		{CAC43182-86D8-4FC6-B73B-90F48959103C}.Release|x86.Build.0 = Release|Win32
		{D93E1A9C-5D56-427E-B902-592E871AD8F4}.Debug|x64.ActiveCfg = Debug|x64
		{D93E1A9C-5D56-427E-B902-592E871AD8F4}.Debug|x64.Build.0 = Debug|x64
		{D93E1A9C-5D56-427E-B902-592E871AD8F4}.Debug|x86.ActiveCfg = Debug|Win32
		{D93E1A9C-5D56-427E-B902-592E871AD8F4}.Debug|x86.Build.0 = Debug|Win32
		{D93E1A9C-5D56-427E-B902-592E871AD8F4}.Release|x64.ActiveCfg = Release|x64
		{D93E1A9C-5D56-427E-B902-592E871AD8F4}.Release|x64.Build.0 = Release|x64
		{D93E1A9C-5D56-427E-B902-592E871AD8F4}.Release|x86.ActiveCfg = Release|Win32
		{D93E1A9C-5D56-427E-B902-592E871AD8F4}.Release|x86.Build.0 = Release|Win32
		{6316E4E6-EF09-43B4-99C9-CF5512C2111E}.Debug|x64.ActiveCfg = Debug|x64
		{6316E4E6-EF09-43B4-99C9-CF5512C2111E}.Debug|x64.Build.0 = Debug|x64
		{6316E4E6-EF09-43B4-99C9-CF5512C2111E}.Debug|x86.ActiveCfg = Debug|Win32
		{6316E4E6-EF09-43B4-99C9-CF5512C2111E}.Debug|x86.Build.0 = Debug|Win32
		{6316E4E6-EF09-43B4-99C9-CF5512C2111E}.Release|x64.ActiveCfg = Release|x64
		{6316E4E6-EF09-43B4-99C9-CF5512C2111E}.Release|x64.Build.0 = Release|x64
		{6316E4E6-EF09-43B4-99C9-CF5512C2111E}.Release|x86.ActiveCfg = Release|Win32
		{6316E4E6-EF09-43B4-99C9-CF5512C2111E}.Release|x86.Build.0 = Release|Win32
		{4F4CB557-9CC7-424E-A70A-823FB26DE9EA}.Debug|x64.ActiveCfg = Debug|x64
		{4F4CB557-9CC7-424E-A70A-823FB26DE9EA}.Debug|x64.Build.0 = Debug|x64
		{4F4CB557-9CC7-424E-A70A-823FB26DE9EA}.Debug|x86.ActiveCfg = Debug|Win32
		{4F4CB557-9CC7-424E-A70A-823FB26DE9EA}.Debug|x86.Build.0 = Debug|Win32
		{4F4CB557-9CC7-424E-A70A-823FB26DE9EA}.Release|x64.ActiveCfg = Release|x64
		{4F4CB557-9CC7-424E-A70A-823FB26DE9EA}.Release|x64.Build.0 = Release|x64
		{4F4CB557-9CC7-424E-A70A-823FB26DE9EA}.Release|x86.ActiveCfg = Release|Win32
		{4F4CB557-9CC7-424E-A70A-823FB26DE9EA}.Release|x86.Build.0 = Release|Win32
		{77A75FD4-D1C2-4912-8AF6-CDB266501A8E}.Debug|x64.ActiveCfg = Debug|x64
		{77A75FD4-D1C2-4912-8AF6-CDB266501A8E}.Debug|x64.Build.0 = Debug|x64
		{77A75FD4-D1C2-4912-8AF6-CDB266501A8E}.Debug|x86.ActiveCfg = Debug|Win32
		{77A75FD4-D1C2-4912-8AF6-CDB266501A8E}.Debug|x86.Build.0 = Debug|Win32
		{77A75FD4-D1C2-4912-8AF6-CDB266501A8E}.Release|x64.ActiveCfg = Release|x64
		{77A75FD4-D1C2-4912-8AF6-CDB266501A8E}.Release|x64.Build.0 = Release|x64
		{77A75FD4-D1C2-4912-8AF6-CDB266501A8E}.Release|x86.ActiveCfg = Release|Win32
		{77A75FD4-D1C2-4912-8AF6-CDB266501A8E}.Release|x86.Build.0 = Release|Win32
		{58A793F7-C4E9-49BB-93DC-A213651EE487}.Debug|x64.ActiveCfg = Debug|x64
		{58A793F7-C4E9-49BB-93DC-A213651EE487}.Debug|x64.Build.0 = Debug|x64
		{58A793F7-C4E9-49BB-93DC-A213651EE487}.Debug|x86.ActiveCfg = Debug|Win32
		{58A793F7-C4E9-49BB-93DC-A213651EE487}.Debug|x86.Build.0 = Debug|Win32
		{58A793F7-C4E9-49BB-93DC-A213651EE487}.Release|x64.ActiveCfg = Release|x64
		{58A793F7-C4E9-49BB-93DC-A213651EE487}.Release|x64.Build.0 = Release|x64
		{58A793F7-C4E9-49BB-93DC-A213651EE487}.Release|x86.ActiveCfg = Release|Win32
		{58A793F7-C4E9-49BB-93DC-A213651EE487}.Release|x86.Build.0 = Release|Win32
		{4A794578-D872-4A97-9CCE-E2C340196836}.Debug|x64.ActiveCfg = Debug|x64
		{4A794578-D872-4A97-9CCE-E2C340196836}.Debug|x64.Build.0 = Debug|x64
		{4A794578-D872-4A97-9CCE-E2C340196836}.Debug|x86.ActiveCfg = Debug|Win32
		{4A794578-D872-4A97-9CCE-E2C340196836}.Debug|x86.Build.0 = Debug|Win32
		{4A794578-D872-4A97-9CCE-E2C340196836}.Release|x64.ActiveCfg = Release|x64
		{4A794578-D872-4A97-9CCE-E2C340196836}.Release|x64.Build.0 = Release|x64
		{4A794578-D872-4A97-9CCE-E2C340196836}.Release|x86.ActiveCfg = Release|Win32
		{4A794578-D872-4A97-9CCE-E2C340196836}.Release|x86.Build.0 = Release|Win32
		{E71CD42D-1A00-42E4-81DE-65FFF75F3CC6}.Debug|x64.ActiveCfg = Debug|x64
		{E71CD42D-1A00-42E4-81DE-65FFF75F3CC6}.Debug|x64.Build.0 = Debug|x64
		{E71CD42D-1A00-42E4-81DE-65FFF75F3CC6}.Debug|x86.ActiveCfg = Debug|Win32
		{E71CD42D-1A00-42E4-81DE-65FFF75F3CC6}.Debug|x86.Build.0 = Debug|Win32
		{E71CD42D-1A00-42E4-81DE-65FFF75F3CC6}.Release|x64.ActiveCfg = Release|x64
		{E71CD42D-1A00-42E4-81DE-65FFF75F3CC6}.Release|x64.Build.0 = Release|x64
		{E71CD42D-1A00-42E4-81DE-65FFF75F3CC6}.Release|x86.ActiveCfg = Release|Win32
		{E71CD42D-1A00-42E4-81DE-65FFF75F3CC6}.Release|x86.Build.0 = Release|Win32
		{DB333CD7-550B-47B9-91C9-38E04D0BF8B0}.Debug|x64.ActiveCfg = Debug|x64
		{DB333CD7-550B-47B9-91C9-38E04D0BF8B0}.Debug|x64.Build.0 = Debug|x64
		{DB333CD7-550B-47B9-91C9-38E04D0BF8B0}.Debug|x86.ActiveCfg = Debug|Win32
		{DB333CD7-550B-47B9-91C9-38E04D0BF8B0}.Debug|x86.Build.0 = Debug|Win32
		{DB333CD7-550B-47B9-91C9-38E04D0BF8B0}.Release|x64.ActiveCfg = Release|x64
		{DB333CD7-550B-47B9-91C9-38E04D0BF8B0}.Release|x64.Build.0 = Release|x64
		{DB333CD7-550B-47B9-91C9-38E04D0BF8B0}.Release|x86.ActiveCfg = Release|Win32
		{DB333CD7-550B-47B9-91C9-38E04D0BF8B0}.Release|x86.Build.0 = Release|Win32
	EndGlobalSection
	GlobalSection(SolutionProperties) = preSolution
		HideSolutionNode = FALSE
	EndGlobalSection
	GlobalSection(ExtensibilityGlobals) = postSolution
		SolutionGuid = {3FC9A3BA-295B-471E-B093-A199CCC362B7}
	EndGlobalSection
EndGlobal
